
Microsoft Visual Studio Solution File, Format Version 12.00
# Visual Studio Version 16
VisualStudioVersion = 16.0.29911.84
MinimumVisualStudioVersion = 10.0.40219.1
Project("{2150E333-8FDC-42A3-9474-1A3956D46DE8}") = "HelloWorld", "HelloWorld", "{66BB6A43-ACF7-472D-91EF-9B77B223D647}"
EndProject
Project("{2150E333-8FDC-42A3-9474-1A3956D46DE8}") = "Observer", "Observer", "{B5C71E4E-7F30-4A9D-93A7-A68A6E72077A}"
EndProject
Project("{9A19103F-16F7-4668-BE54-9A1E7A4F7556}") = "Client", "HelloWorld\Client\Client.csproj", "{C532F183-8876-48AF-9940-AEAA7072700D}"
EndProject
Project("{9A19103F-16F7-4668-BE54-9A1E7A4F7556}") = "Grains", "HelloWorld\Grains\Grains.csproj", "{F9FDF08D-18DF-489E-956B-0543F07A9145}"
EndProject
Project("{9A19103F-16F7-4668-BE54-9A1E7A4F7556}") = "IGrains", "HelloWorld\IGrains\IGrains.csproj", "{DD48E945-F055-4B72-90D8-3F6012E03F45}"
EndProject
Project("{9A19103F-16F7-4668-BE54-9A1E7A4F7556}") = "SiloHost1", "HelloWorld\SiloHost1\SiloHost1.csproj", "{5858A662-0F6C-4C29-94B0-A8E6612E9756}"
EndProject
Project("{9A19103F-16F7-4668-BE54-9A1E7A4F7556}") = "SiloHost2", "HelloWorld\SiloHost2\SiloHost2.csproj", "{EFCA7469-4E8C-4932-9874-B249C55F55A5}"
EndProject
Project("{9A19103F-16F7-4668-BE54-9A1E7A4F7556}") = "Client1", "Observer\Client1\Client1.csproj", "{617EFC1E-C25E-4E3F-A4FF-CF37D56EE1AF}"
EndProject
Project("{9A19103F-16F7-4668-BE54-9A1E7A4F7556}") = "Client2", "Observer\Client2\Client2.csproj", "{5EBAAE4D-4D24-4CA3-801C-502EBFE32F78}"
EndProject
Project("{9A19103F-16F7-4668-BE54-9A1E7A4F7556}") = "Grains", "Observer\Grains\Grains.csproj", "{41EEF3F5-D809-43EF-B8FE-0AA87699E6F7}"
EndProject
Project("{9A19103F-16F7-4668-BE54-9A1E7A4F7556}") = "IGrains", "Observer\IGrains\IGrains.csproj", "{FE2EBAF8-23C1-45E5-8398-9F12C608AFE2}"
EndProject
Project("{9A19103F-16F7-4668-BE54-9A1E7A4F7556}") = "SiloHost1", "Observer\SiloHost1\SiloHost1.csproj", "{BE8845A1-B468-44BC-8D12-0AF98F608E19}"
EndProject
Project("{9A19103F-16F7-4668-BE54-9A1E7A4F7556}") = "SiloHost2", "Observer\SiloHost2\SiloHost2.csproj", "{3F106A8C-9E16-4E1D-928D-DAC5C4BC7316}"
EndProject
Global
	GlobalSection(SolutionConfigurationPlatforms) = preSolution
		Debug|Any CPU = Debug|Any CPU
		Release|Any CPU = Release|Any CPU
	EndGlobalSection
	GlobalSection(ProjectConfigurationPlatforms) = postSolution
		{C532F183-8876-48AF-9940-AEAA7072700D}.Debug|Any CPU.ActiveCfg = Debug|Any CPU
		{C532F183-8876-48AF-9940-AEAA7072700D}.Debug|Any CPU.Build.0 = Debug|Any CPU
		{C532F183-8876-48AF-9940-AEAA7072700D}.Release|Any CPU.ActiveCfg = Release|Any CPU
		{C532F183-8876-48AF-9940-AEAA7072700D}.Release|Any CPU.Build.0 = Release|Any CPU
		{F9FDF08D-18DF-489E-956B-0543F07A9145}.Debug|Any CPU.ActiveCfg = Debug|Any CPU
		{F9FDF08D-18DF-489E-956B-0543F07A9145}.Debug|Any CPU.Build.0 = Debug|Any CPU
		{F9FDF08D-18DF-489E-956B-0543F07A9145}.Release|Any CPU.ActiveCfg = Release|Any CPU
		{F9FDF08D-18DF-489E-956B-0543F07A9145}.Release|Any CPU.Build.0 = Release|Any CPU
		{DD48E945-F055-4B72-90D8-3F6012E03F45}.Debug|Any CPU.ActiveCfg = Debug|Any CPU
		{DD48E945-F055-4B72-90D8-3F6012E03F45}.Debug|Any CPU.Build.0 = Debug|Any CPU
		{DD48E945-F055-4B72-90D8-3F6012E03F45}.Release|Any CPU.ActiveCfg = Release|Any CPU
		{DD48E945-F055-4B72-90D8-3F6012E03F45}.Release|Any CPU.Build.0 = Release|Any CPU
		{5858A662-0F6C-4C29-94B0-A8E6612E9756}.Debug|Any CPU.ActiveCfg = Debug|Any CPU
		{5858A662-0F6C-4C29-94B0-A8E6612E9756}.Debug|Any CPU.Build.0 = Debug|Any CPU
		{5858A662-0F6C-4C29-94B0-A8E6612E9756}.Release|Any CPU.ActiveCfg = Release|Any CPU
		{5858A662-0F6C-4C29-94B0-A8E6612E9756}.Release|Any CPU.Build.0 = Release|Any CPU
		{EFCA7469-4E8C-4932-9874-B249C55F55A5}.Debug|Any CPU.ActiveCfg = Debug|Any CPU
		{EFCA7469-4E8C-4932-9874-B249C55F55A5}.Debug|Any CPU.Build.0 = Debug|Any CPU
		{EFCA7469-4E8C-4932-9874-B249C55F55A5}.Release|Any CPU.ActiveCfg = Release|Any CPU
		{EFCA7469-4E8C-4932-9874-B249C55F55A5}.Release|Any CPU.Build.0 = Release|Any CPU
		{617EFC1E-C25E-4E3F-A4FF-CF37D56EE1AF}.Debug|Any CPU.ActiveCfg = Debug|Any CPU
		{617EFC1E-C25E-4E3F-A4FF-CF37D56EE1AF}.Debug|Any CPU.Build.0 = Debug|Any CPU
		{617EFC1E-C25E-4E3F-A4FF-CF37D56EE1AF}.Release|Any CPU.ActiveCfg = Release|Any CPU
		{617EFC1E-C25E-4E3F-A4FF-CF37D56EE1AF}.Release|Any CPU.Build.0 = Release|Any CPU
		{5EBAAE4D-4D24-4CA3-801C-502EBFE32F78}.Debug|Any CPU.ActiveCfg = Debug|Any CPU
		{5EBAAE4D-4D24-4CA3-801C-502EBFE32F78}.Debug|Any CPU.Build.0 = Debug|Any CPU
		{5EBAAE4D-4D24-4CA3-801C-502EBFE32F78}.Release|Any CPU.ActiveCfg = Release|Any CPU
		{5EBAAE4D-4D24-4CA3-801C-502EBFE32F78}.Release|Any CPU.Build.0 = Release|Any CPU
		{41EEF3F5-D809-43EF-B8FE-0AA87699E6F7}.Debug|Any CPU.ActiveCfg = Debug|Any CPU
		{41EEF3F5-D809-43EF-B8FE-0AA87699E6F7}.Debug|Any CPU.Build.0 = Debug|Any CPU
		{41EEF3F5-D809-43EF-B8FE-0AA87699E6F7}.Release|Any CPU.ActiveCfg = Release|Any CPU
		{41EEF3F5-D809-43EF-B8FE-0AA87699E6F7}.Release|Any CPU.Build.0 = Release|Any CPU
		{FE2EBAF8-23C1-45E5-8398-9F12C608AFE2}.Debug|Any CPU.ActiveCfg = Debug|Any CPU
		{FE2EBAF8-23C1-45E5-8398-9F12C608AFE2}.Debug|Any CPU.Build.0 = Debug|Any CPU
		{FE2EBAF8-23C1-45E5-8398-9F12C608AFE2}.Release|Any CPU.ActiveCfg = Release|Any CPU
		{FE2EBAF8-23C1-45E5-8398-9F12C608AFE2}.Release|Any CPU.Build.0 = Release|Any CPU
		{BE8845A1-B468-44BC-8D12-0AF98F608E19}.Debug|Any CPU.ActiveCfg = Debug|Any CPU
		{BE8845A1-B468-44BC-8D12-0AF98F608E19}.Debug|Any CPU.Build.0 = Debug|Any CPU
		{BE8845A1-B468-44BC-8D12-0AF98F608E19}.Release|Any CPU.ActiveCfg = Release|Any CPU
		{BE8845A1-B468-44BC-8D12-0AF98F608E19}.Release|Any CPU.Build.0 = Release|Any CPU
		{3F106A8C-9E16-4E1D-928D-DAC5C4BC7316}.Debug|Any CPU.ActiveCfg = Debug|Any CPU
		{3F106A8C-9E16-4E1D-928D-DAC5C4BC7316}.Debug|Any CPU.Build.0 = Debug|Any CPU
		{3F106A8C-9E16-4E1D-928D-DAC5C4BC7316}.Release|Any CPU.ActiveCfg = Release|Any CPU
		{3F106A8C-9E16-4E1D-928D-DAC5C4BC7316}.Release|Any CPU.Build.0 = Release|Any CPU
	EndGlobalSection
	GlobalSection(SolutionProperties) = preSolution
		HideSolutionNode = FALSE
	EndGlobalSection
	GlobalSection(NestedProjects) = preSolution
		{C532F183-8876-48AF-9940-AEAA7072700D} = {66BB6A43-ACF7-472D-91EF-9B77B223D647}
		{F9FDF08D-18DF-489E-956B-0543F07A9145} = {66BB6A43-ACF7-472D-91EF-9B77B223D647}
		{DD48E945-F055-4B72-90D8-3F6012E03F45} = {66BB6A43-ACF7-472D-91EF-9B77B223D647}
		{5858A662-0F6C-4C29-94B0-A8E6612E9756} = {66BB6A43-ACF7-472D-91EF-9B77B223D647}
		{EFCA7469-4E8C-4932-9874-B249C55F55A5} = {66BB6A43-ACF7-472D-91EF-9B77B223D647}
		{617EFC1E-C25E-4E3F-A4FF-CF37D56EE1AF} = {B5C71E4E-7F30-4A9D-93A7-A68A6E72077A}
		{5EBAAE4D-4D24-4CA3-801C-502EBFE32F78} = {B5C71E4E-7F30-4A9D-93A7-A68A6E72077A}
		{41EEF3F5-D809-43EF-B8FE-0AA87699E6F7} = {B5C71E4E-7F30-4A9D-93A7-A68A6E72077A}
		{FE2EBAF8-23C1-45E5-8398-9F12C608AFE2} = {B5C71E4E-7F30-4A9D-93A7-A68A6E72077A}
		{BE8845A1-B468-44BC-8D12-0AF98F608E19} = {B5C71E4E-7F30-4A9D-93A7-A68A6E72077A}
		{3F106A8C-9E16-4E1D-928D-DAC5C4BC7316} = {B5C71E4E-7F30-4A9D-93A7-A68A6E72077A}
	EndGlobalSection
	GlobalSection(ExtensibilityGlobals) = postSolution
		SolutionGuid = {11380A78-E745-4BC4-A2E7-5FA814B73504}
	EndGlobalSection
EndGlobal
